
Microsoft Visual Studio Solution File, Format Version 12.00
# Visual Studio Version 17
VisualStudioVersion = 17.10.35122.118
MinimumVisualStudioVersion = 10.0.40219.1
Project("{FAE04EC0-301F-11D3-BF4B-00C04F79EFBC}") = "Bookstore", "Bookstore\Bookstore.csproj", "{83449E31-5B55-42EE-85C9-C8CA2C340616}"
EndProject
Global
	GlobalSection(SolutionConfigurationPlatforms) = preSolution
		Debug|Any CPU = Debug|Any CPU
		Release|Any CPU = Release|Any CPU
	EndGlobalSection
	GlobalSection(ProjectConfigurationPlatforms) = postSolution
		{83449E31-5B55-42EE-85C9-C8CA2C340616}.Debug|Any CPU.ActiveCfg = Debug|Any CPU
		{83449E31-5B55-42EE-85C9-C8CA2C340616}.Debug|Any CPU.Build.0 = Debug|Any CPU
		{83449E31-5B55-42EE-85C9-C8CA2C340616}.Release|Any CPU.ActiveCfg = Release|Any CPU
		{83449E31-5B55-42EE-85C9-C8CA2C340616}.Release|Any CPU.Build.0 = Release|Any CPU
	EndGlobalSection
	GlobalSection(SolutionProperties) = preSolution
		HideSolutionNode = FALSE
	EndGlobalSection
	GlobalSection(ExtensibilityGlobals) = postSolution
		SolutionGuid = {EE6510CF-3440-419F-B84D-FE7C2E953DEC}
	EndGlobalSection
EndGlobal
